<?xml version="1.0" encoding="utf-8"?>
<Project ToolsVersion="4.0" xmlns="http://schemas.microsoft.com/developer/msbuild/2003">
  <ItemGroup>
    <Filter Include="Source Files">
      <UniqueIdentifier>{4FC737F1-C7A5-4376-A066-2A32D752A2FF}</UniqueIdentifier>
      <Extensions>cpp;c;cc;cxx;def;odl;idl;hpj;bat;asm;asmx</Extensions>
    </Filter>
    <Filter Include="Header Files">
      <UniqueIdentifier>{93995380-89BD-4b04-88EB-625FBE52EBFB}</UniqueIdentifier>
      <Extensions>h;hpp;hxx;hm;inl;inc;xsd</Extensions>
    </Filter>
    <Filter Include="Resource Files">
      <UniqueIdentifier>{67DA6AB6-F800-4c08-8B7A-83BB121AAD01}</UniqueIdentifier>
      <Extensions>rc;ico;cur;bmp;dlg;rc2;rct;bin;rgs;gif;jpg;jpeg;jpe;resx;tiff;tif;png;wav;mfcribbon-ms</Extensions>
    </Filter>
  </ItemGroup>
  <ItemGroup>
    <ClCompile Include="main.cpp">
      <Filter>Source Files</Filter>
    </ClCompile>
    <ClCompile Include="guicon.cpp">
      <Filter>Source Files</Filter>
    </ClCompile>
    <ClCompile Include="point2d.cpp">
      <Filter>Source Files</Filter>
    </ClCompile>
    <ClCompile Include="filereader.cpp">
      <Filter>Source Files</Filter>
    </ClCompile>
    <ClCompile Include="projection.cpp">
      <Filter>Source Files</Filter>
    </ClCompile>
    <ClCompile Include="topbutton.cpp">
      <Filter>Source Files</Filter>
    </ClCompile>
    <ClCompile Include="dxfdrawing.cpp">
      <Filter>Source Files</Filter>
    </ClCompile>
    <ClCompile Include="tools.cpp">
      <Filter>Source Files</Filter>
    </ClCompile>
    <ClCompile Include="clinc.cpp">
      <Filter>Source Files</Filter>
    </ClCompile>
    <ClCompile Include="events.cpp">
      <Filter>Source Files</Filter>
    </ClCompile>
    <ClCompile Include="config.cpp">
      <Filter>Source Files</Filter>
    </ClCompile>
    <ClCompile Include="chatinterface.cpp">
      <Filter>Source Files</Filter>
    </ClCompile>
    <ClCompile Include="spline2.cpp">
      <Filter>Source Files</Filter>
    </ClCompile>
    <ClCompile Include="spline.cpp">
      <Filter>Source Files</Filter>
    </ClCompile>
    <ClCompile Include="aircraft.cpp">
      <Filter>Source Files</Filter>
    </ClCompile>
    <ClCompile Include="clinc2.cpp">
      <Filter>Source Files</Filter>
    </ClCompile>
    <ClCompile Include="Stream.cpp">
      <Filter>Source Files</Filter>
    </ClCompile>
    <ClCompile Include="user.cpp">
      <Filter>Source Files</Filter>
    </ClCompile>
    <ClCompile Include="usermanager.cpp">
      <Filter>Source Files</Filter>
    </ClCompile>
    <ClCompile Include="later.cpp">
      <Filter>Source Files</Filter>
    </ClCompile>
    <ClCompile Include="packets.cpp">
      <Filter>Source Files</Filter>
    </ClCompile>
    <ClCompile Include="gui.cpp">
      <Filter>Source Files</Filter>
    </ClCompile>
    <ClCompile Include="renderer.cpp">
      <Filter>Source Files</Filter>
    </ClCompile>
    <ClCompile Include="constants.cpp">
      <Filter>Source Files</Filter>
    </ClCompile>
    <ClCompile Include="flightplan.cpp">
      <Filter>Source Files</Filter>
    </ClCompile>
    <ClCompile Include="mirror.cpp">
      <Filter>Source Files</Filter>
    </ClCompile>
    <ClCompile Include="interfaces.cpp">
      <Filter>Source Files</Filter>
    </ClCompile>
    <ClCompile Include="collision.cpp">
      <Filter>Source Files</Filter>
    </ClCompile>
    <ClCompile Include="calc_cycles.cpp">
      <Filter>Source Files</Filter>
    </ClCompile>
    <ClCompile Include="controller.cpp">
      <Filter>Source Files</Filter>
    </ClCompile>
    <ClCompile Include="radio.cpp">
      <Filter>Source Files</Filter>
    </ClCompile>
    <ClCompile Include="displaybox.cpp">
      <Filter>Source Files</Filter>
    </ClCompile>
    <ClCompile Include="inputfield.cpp">
      <Filter>Source Files</Filter>
    </ClCompile>
  </ItemGroup>
  <ItemGroup>
    <ClInclude Include="main.h">
      <Filter>Header Files</Filter>
    </ClInclude>
    <ClInclude Include="projection.h">
      <Filter>Header Files</Filter>
    </ClInclude>
    <ClInclude Include="guicon.h">
      <Filter>Header Files</Filter>
    </ClInclude>
    <ClInclude Include="point2d.h">
      <Filter>Header Files</Filter>
    </ClInclude>
    <ClInclude Include="filereader.h">
      <Filter>Header Files</Filter>
    </ClInclude>
    <ClInclude Include="topbutton.h">
      <Filter>Header Files</Filter>
    </ClInclude>
    <ClInclude Include="dxfdrawing.h">
      <Filter>Header Files</Filter>
    </ClInclude>
    <ClInclude Include="tools.h">
      <Filter>Header Files</Filter>
    </ClInclude>
    <ClInclude Include="clinc.h">
      <Filter>Header Files</Filter>
    </ClInclude>
    <ClInclude Include="events.h">
      <Filter>Header Files</Filter>
    </ClInclude>
    <ClInclude Include="aircraft.h">
      <Filter>Header Files</Filter>
    </ClInclude>
    <ClInclude Include="config.h">
      <Filter>Header Files</Filter>
    </ClInclude>
    <ClInclude Include="chatinterface.h">
      <Filter>Header Files</Filter>
    </ClInclude>
    <ClInclude Include="spline2.h">
      <Filter>Header Files</Filter>
    </ClInclude>
    <ClInclude Include="spline.h">
      <Filter>Header Files</Filter>
    </ClInclude>
    <ClInclude Include="clinc2.h">
      <Filter>Header Files</Filter>
    </ClInclude>
    <ClInclude Include="Stream.h">
      <Filter>Header Files</Filter>
    </ClInclude>
    <ClInclude Include="user.h">
      <Filter>Header Files</Filter>
    </ClInclude>
    <ClInclude Include="usermanager.h">
      <Filter>Header Files</Filter>
    </ClInclude>
    <ClInclude Include="packets.h">
      <Filter>Header Files</Filter>
    </ClInclude>
    <ClInclude Include="later.h">
      <Filter>Header Files</Filter>
    </ClInclude>
    <ClInclude Include="gui.h">
      <Filter>Header Files</Filter>
    </ClInclude>
    <ClInclude Include="renderer.h">
      <Filter>Header Files</Filter>
    </ClInclude>
    <ClInclude Include="constants.h">
      <Filter>Header Files</Filter>
    </ClInclude>
    <ClInclude Include="flightplan.h">
      <Filter>Header Files</Filter>
    </ClInclude>
    <ClInclude Include="mirror.h">
      <Filter>Header Files</Filter>
    </ClInclude>
    <ClInclude Include="interfaces.h">
      <Filter>Header Files</Filter>
    </ClInclude>
    <ClInclude Include="resource.h">
      <Filter>Header Files</Filter>
    </ClInclude>
    <ClInclude Include="collision.h">
      <Filter>Header Files</Filter>
    </ClInclude>
    <ClInclude Include="calc_cycles.h">
      <Filter>Header Files</Filter>
    </ClInclude>
    <ClInclude Include="controller.h">
      <Filter>Header Files</Filter>
    </ClInclude>
    <ClInclude Include="radio.h">
      <Filter>Header Files</Filter>
    </ClInclude>
    <ClInclude Include="displaybox.h">
      <Filter>Header Files</Filter>
    </ClInclude>
    <ClInclude Include="inputfield.h">
      <Filter>Header Files</Filter>
    </ClInclude>
  </ItemGroup>
  <ItemGroup>
    <ResourceCompile Include="main.rc">
      <Filter>Resource Files</Filter>
    </ResourceCompile>
  </ItemGroup>
  <ItemGroup>
    <Image Include="favicon.ico">
      <Filter>Resource Files</Filter>
    </Image>
  </ItemGroup>
  <ItemGroup>
    <None Include="wave1.bin">
      <Filter>Resource Files</Filter>
    </None>
  </ItemGroup>
  <ItemGroup>
    <Media Include="..\Sounds\atcmessage.wav">
      <Filter>Resource Files</Filter>
    </Media>
    <Media Include="..\Sounds\error.wav">
      <Filter>Resource Files</Filter>
    </Media>
  </ItemGroup>
</Project>